# @generated - this file is auto-generated by `mise lock` https://mise.jdx.dev/dev-tools/mise-lock.html

lockfile_version = 1

[[tools.powershell]]
version = "7.6.6"
backend = "aqua:PowerShell/PowerShell"
specifiers = ["7.6.6"]

[tools.powershell."platforms.linux-arm64"]
checksum = "sha256:924829e54c983648f6f1419a2dc7f9433c861b2fb5bd57736ff096c24f133729"
url = "https://github.com/PowerShell/PowerShell/releases/download/v7.6.6/powershell-7.6.6-linux-arm64.tar.gz"
url_api = "https://api.github.com/repos/PowerShell/PowerShell/releases/assets/551205005"

[tools.powershell."platforms.linux-arm64-musl"]
checksum = "sha256:924829e54c983648f6f1419a2dc7f9433c861b2fb5bd57736ff096c24f133729"
url = "https://github.com/PowerShell/PowerShell/releases/download/v7.6.6/powershell-7.6.6-linux-arm64.tar.gz"
url_api = "https://api.github.com/repos/PowerShell/PowerShell/releases/assets/551205005"

[tools.powershell."platforms.linux-x64"]
checksum = "sha256:ddbc4a2d113bbd46d283cfedcbcd117a70caefd7673f41f2b4e0000badf103bc"
url = "https://github.com/PowerShell/PowerShell/releases/download/v7.6.6/powershell-7.6.6-linux-x64.tar.gz"
url_api = "https://api.github.com/repos/PowerShell/PowerShell/releases/assets/551205454"

[tools.powershell."platforms.linux-x64-musl"]
checksum = "sha256:9537c256a60c34f6bc2dd60c1c10b31a0c2ef26e96799d066be78325ab4947cc"
url = "https://github.com/PowerShell/PowerShell/releases/download/v7.6.6/powershell-7.6.6-linux-musl-x64.tar.gz"
url_api = "https://api.github.com/repos/PowerShell/PowerShell/releases/assets/551205127"

[tools.powershell."platforms.macos-arm64"]
checksum = "sha256:6df833d094ebac1c1a74340d7b3437f4aaf5e03ce640484a1c4359f3ce8b3db1"
url = "https://github.com/PowerShell/PowerShell/releases/download/v7.6.6/powershell-7.6.6-osx-arm64.tar.gz"
url_api = "https://api.github.com/repos/PowerShell/PowerShell/releases/assets/551205842"

[tools.powershell."platforms.macos-x64"]
checksum = "sha256:e325ed9f666894eb39a5ea52800b602da2fb4242bbe9747ceddb39cdc66de805"
url = "https://github.com/PowerShell/PowerShell/releases/download/v7.6.6/powershell-7.6.6-osx-x64.tar.gz"
url_api = "https://api.github.com/repos/PowerShell/PowerShell/releases/assets/551206192"

[tools.powershell."platforms.windows-x64"]
checksum = "sha256:02fe458be20493fbdf43f61ea20610b811ee6c738ab1676c61b9cfcd1a33c860"
url = "https://github.com/PowerShell/PowerShell/releases/download/v7.6.6/PowerShell-7.6.6-win-x64.zip"
url_api = "https://api.github.com/repos/PowerShell/PowerShell/releases/assets/551207033"

[[tools.zoxide]]
version = "0.10.0"
backend = "aqua:ajeetdsouza/zoxide"
specifiers = ["0.10.0"]

[tools.zoxide."platforms.linux-arm64"]
checksum = "sha256:f1f16c5d6298d63dee467eedea1cdcd8490e43e493bea43acd416dc9033ef641"
url = "https://github.com/ajeetdsouza/zoxide/releases/download/v0.10.0/zoxide-0.10.0-aarch64-unknown-linux-musl.tar.gz"
url_api = "https://api.github.com/repos/ajeetdsouza/zoxide/releases/assets/466316402"

[tools.zoxide."platforms.linux-arm64-musl"]
checksum = "sha256:f1f16c5d6298d63dee467eedea1cdcd8490e43e493bea43acd416dc9033ef641"
url = "https://github.com/ajeetdsouza/zoxide/releases/download/v0.10.0/zoxide-0.10.0-aarch64-unknown-linux-musl.tar.gz"
url_api = "https://api.github.com/repos/ajeetdsouza/zoxide/releases/assets/466316402"

[tools.zoxide."platforms.linux-x64"]
checksum = "sha256:2d93385b99f3e82cf2701609a1bffcad863fbeb75aa3fe7eb6be4d29be68b1ae"
url = "https://github.com/ajeetdsouza/zoxide/releases/download/v0.10.0/zoxide-0.10.0-x86_64-unknown-linux-musl.tar.gz"
url_api = "https://api.github.com/repos/ajeetdsouza/zoxide/releases/assets/466316293"

[tools.zoxide."platforms.linux-x64-musl"]
checksum = "sha256:2d93385b99f3e82cf2701609a1bffcad863fbeb75aa3fe7eb6be4d29be68b1ae"
url = "https://github.com/ajeetdsouza/zoxide/releases/download/v0.10.0/zoxide-0.10.0-x86_64-unknown-linux-musl.tar.gz"
url_api = "https://api.github.com/repos/ajeetdsouza/zoxide/releases/assets/466316293"

[tools.zoxide."platforms.macos-arm64"]
checksum = "sha256:b55ae6f2f5f23d0a6ccb3bd4eeb2af9c7e0a6556e5255c82100e40305129bbb0"
url = "https://github.com/ajeetdsouza/zoxide/releases/download/v0.10.0/zoxide-0.10.0-aarch64-apple-darwin.tar.gz"
url_api = "https://api.github.com/repos/ajeetdsouza/zoxide/releases/assets/466316174"

[tools.zoxide."platforms.macos-x64"]
checksum = "sha256:18ab7ae2633ad6e2ab79a4e665cbba1e95b7c872d44523326efb793202451dad"
url = "https://github.com/ajeetdsouza/zoxide/releases/download/v0.10.0/zoxide-0.10.0-x86_64-apple-darwin.tar.gz"
url_api = "https://api.github.com/repos/ajeetdsouza/zoxide/releases/assets/466316167"

[tools.zoxide."platforms.windows-x64"]
checksum = "sha256:f465ae548f8754c8e7edbc60b45fbf58c92bfe123db83d790252d6810fa5daf1"
url = "https://github.com/ajeetdsouza/zoxide/releases/download/v0.10.0/zoxide-0.10.0-x86_64-pc-windows-msvc.zip"
url_api = "https://api.github.com/repos/ajeetdsouza/zoxide/releases/assets/466316769"
